
Microsoft Visual Studio Solution File, Format Version 12.00
# Visual Studio Version 16
VisualStudioVersion = 16.0.30002.166
MinimumVisualStudioVersion = 10.0.40219.1
Project("{FAE04EC0-301F-11D3-BF4B-00C04F79EFBC}") = "Core", "Core\Core.csproj", "{86BBED06-6801-4157-B041-827BF84EDA21}"
EndProject
Project("{FAE04EC0-301F-11D3-BF4B-00C04F79EFBC}") = "MODULE__FILTER", "MODULE_FILTER\MODULE__FILTER.csproj", "{0E8FECC9-58C3-4059-8ED2-997AE3290643}"
EndProject
Project("{FAE04EC0-301F-11D3-BF4B-00C04F79EFBC}") = "MODULE__SCANNER_SERVICE", "MODULE_SCAN\MODULE__SCANNER_SERVICE.csproj", "{397064D3-DE16-44C4-82DE-7C55E3E1CA8E}"
EndProject
Project("{8BC9CEB8-8B4A-11D0-8D11-00A0C91BC942}") = "MODULE__DRIVER_CONNECTOR", "MUDULE__DRIVER_CONNECTOR\MUDULE__DRIVER_CONNECTOR.vcxproj", "{2BBD8114-F855-461D-A25A-760BAD4CD7D7}"
EndProject
Project("{FAE04EC0-301F-11D3-BF4B-00C04F79EFBC}") = "MODULE__RESERVE_NEW_FILE_DETECTOR", "MODULE__RESERVE_NEW_FILE_DETECTOR\MODULE__RESERVE_NEW_FILE_DETECTOR.csproj", "{5C884940-AD1F-4AE2-84B8-1DD6C72217DD}"
EndProject
Project("{2150E333-8FDC-42A3-9474-1A3956D46DE8}") = "Core_MODULES", "Core_MODULES", "{372E0483-0776-4C00-A9CE-4128070DFA31}"
EndProject
Project("{FAE04EC0-301F-11D3-BF4B-00C04F79EFBC}") = "MODULE__VIRUSES_DB", "MODULE__VIRUSES_DB\MODULE__VIRUSES_DB.csproj", "{4BFEF4F5-7EEC-4073-82C6-57A8FFB092E7}"
EndProject
Project("{2150E333-8FDC-42A3-9474-1A3956D46DE8}") = "Databases", "Databases", "{707C9E75-006D-4B8B-B8C4-0971C2CF1AFD}"
	ProjectSection(SolutionItems) = preProject
		Output\DatabaseFiles\TestDb.db = Output\DatabaseFiles\TestDb.db
	EndProjectSection
EndProject
Project("{FAE04EC0-301F-11D3-BF4B-00C04F79EFBC}") = "API_Client_Library", "API_Client_Library\API_Client_Library.csproj", "{0BAB3D40-59EB-46F0-8A82-B90B1DF1F593}"
EndProject
Project("{2150E333-8FDC-42A3-9474-1A3956D46DE8}") = "API", "API", "{8A17C6F5-FC39-4FB3-B48C-FFCE747536B4}"
EndProject
Project("{2150E333-8FDC-42A3-9474-1A3956D46DE8}") = "Drivers", "Drivers", "{51CC2441-B176-4487-B41F-B3B0E97A3B5B}"
EndProject
Project("{8BC9CEB8-8B4A-11D0-8D11-00A0C91BC942}") = "ProcessDefender", "..\Antivirus-master\Driver_ProcessDefender\Driver_ProcessDefender.vcxproj", "{600E90D4-AAA7-4E3A-82F7-7D7FE8316BBC}"
EndProject
Project("{8BC9CEB8-8B4A-11D0-8D11-00A0C91BC942}") = "Driver_Minifilter", "..\Antivirus-master\Driver_IO_Monitor\Driver_IO_Monitor.vcxproj", "{3B7DC74D-D98A-4225-B9EA-0D419BE923ED}"
EndProject
Project("{2150E333-8FDC-42A3-9474-1A3956D46DE8}") = "Others", "Others", "{A6D8B58E-3620-4B24-8FDE-91F0CEA43B60}"
EndProject
Project("{FAE04EC0-301F-11D3-BF4B-00C04F79EFBC}") = "Logger", "Logger\Logger.csproj", "{D3C65AB6-E642-4EA7-B507-A9D4B56EBF58}"
EndProject
Project("{FAE04EC0-301F-11D3-BF4B-00C04F79EFBC}") = "LoggerLib", "LoggerLib\LoggerLib.csproj", "{703B493A-A924-4DD6-96F8-AEF411E5667C}"
EndProject
Project("{FAE04EC0-301F-11D3-BF4B-00C04F79EFBC}") = "DB_Editor", "DB_Editor\DB_Editor.csproj", "{20F9796F-472B-4F4B-9E31-0B031EAF7D9C}"
EndProject
Project("{FAE04EC0-301F-11D3-BF4B-00C04F79EFBC}") = "AntivirusServerUpdater", "AntivirusServerUpdater\AntivirusServerUpdater.csproj", "{2778DD3A-F34C-4A9E-90CB-574AC6A765A3}"
EndProject
Project("{FAE04EC0-301F-11D3-BF4B-00C04F79EFBC}") = "GUI", "GUI\GUI\GUI.csproj", "{FCA91CB6-B858-4B40-AE9C-171BFD2F4EAB}"
EndProject
Global
	GlobalSection(SolutionConfigurationPlatforms) = preSolution
		Debug|Any CPU = Debug|Any CPU
		Debug|ARM = Debug|ARM
		Debug|ARM64 = Debug|ARM64
		Debug|x64 = Debug|x64
		Debug|x86 = Debug|x86
		Release|Any CPU = Release|Any CPU
		Release|ARM = Release|ARM
		Release|ARM64 = Release|ARM64
		Release|x64 = Release|x64
		Release|x86 = Release|x86
	EndGlobalSection
	GlobalSection(ProjectConfigurationPlatforms) = postSolution
		{86BBED06-6801-4157-B041-827BF84EDA21}.Debug|Any CPU.ActiveCfg = Debug|Any CPU
		{86BBED06-6801-4157-B041-827BF84EDA21}.Debug|Any CPU.Build.0 = Debug|Any CPU
		{86BBED06-6801-4157-B041-827BF84EDA21}.Debug|ARM.ActiveCfg = Debug|Any CPU
		{86BBED06-6801-4157-B041-827BF84EDA21}.Debug|ARM.Build.0 = Debug|Any CPU
		{86BBED06-6801-4157-B041-827BF84EDA21}.Debug|ARM64.ActiveCfg = Debug|Any CPU
		{86BBED06-6801-4157-B041-827BF84EDA21}.Debug|ARM64.Build.0 = Debug|Any CPU
		{86BBED06-6801-4157-B041-827BF84EDA21}.Debug|x64.ActiveCfg = Debug|Any CPU
		{86BBED06-6801-4157-B041-827BF84EDA21}.Debug|x64.Build.0 = Debug|Any CPU
		{86BBED06-6801-4157-B041-827BF84EDA21}.Debug|x86.ActiveCfg = Debug|Any CPU
		{86BBED06-6801-4157-B041-827BF84EDA21}.Debug|x86.Build.0 = Debug|Any CPU
		{86BBED06-6801-4157-B041-827BF84EDA21}.Release|Any CPU.ActiveCfg = Release|Any CPU
		{86BBED06-6801-4157-B041-827BF84EDA21}.Release|Any CPU.Build.0 = Release|Any CPU
		{86BBED06-6801-4157-B041-827BF84EDA21}.Release|ARM.ActiveCfg = Release|Any CPU
		{86BBED06-6801-4157-B041-827BF84EDA21}.Release|ARM.Build.0 = Release|Any CPU
		{86BBED06-6801-4157-B041-827BF84EDA21}.Release|ARM64.ActiveCfg = Release|Any CPU
		{86BBED06-6801-4157-B041-827BF84EDA21}.Release|ARM64.Build.0 = Release|Any CPU
		{86BBED06-6801-4157-B041-827BF84EDA21}.Release|x64.ActiveCfg = Release|Any CPU
		{86BBED06-6801-4157-B041-827BF84EDA21}.Release|x64.Build.0 = Release|Any CPU
		{86BBED06-6801-4157-B041-827BF84EDA21}.Release|x86.ActiveCfg = Release|Any CPU
		{86BBED06-6801-4157-B041-827BF84EDA21}.Release|x86.Build.0 = Release|Any CPU
		{0E8FECC9-58C3-4059-8ED2-997AE3290643}.Debug|Any CPU.ActiveCfg = Debug|Any CPU
		{0E8FECC9-58C3-4059-8ED2-997AE3290643}.Debug|Any CPU.Build.0 = Debug|Any CPU
		{0E8FECC9-58C3-4059-8ED2-997AE3290643}.Debug|ARM.ActiveCfg = Debug|Any CPU
		{0E8FECC9-58C3-4059-8ED2-997AE3290643}.Debug|ARM.Build.0 = Debug|Any CPU
		{0E8FECC9-58C3-4059-8ED2-997AE3290643}.Debug|ARM64.ActiveCfg = Debug|Any CPU
		{0E8FECC9-58C3-4059-8ED2-997AE3290643}.Debug|ARM64.Build.0 = Debug|Any CPU
		{0E8FECC9-58C3-4059-8ED2-997AE3290643}.Debug|x64.ActiveCfg = Debug|Any CPU
		{0E8FECC9-58C3-4059-8ED2-997AE3290643}.Debug|x64.Build.0 = Debug|Any CPU
		{0E8FECC9-58C3-4059-8ED2-997AE3290643}.Debug|x86.ActiveCfg = Debug|Any CPU
		{0E8FECC9-58C3-4059-8ED2-997AE3290643}.Debug|x86.Build.0 = Debug|Any CPU
		{0E8FECC9-58C3-4059-8ED2-997AE3290643}.Release|Any CPU.ActiveCfg = Release|Any CPU
		{0E8FECC9-58C3-4059-8ED2-997AE3290643}.Release|Any CPU.Build.0 = Release|Any CPU
		{0E8FECC9-58C3-4059-8ED2-997AE3290643}.Release|ARM.ActiveCfg = Release|Any CPU
		{0E8FECC9-58C3-4059-8ED2-997AE3290643}.Release|ARM.Build.0 = Release|Any CPU
		{0E8FECC9-58C3-4059-8ED2-997AE3290643}.Release|ARM64.ActiveCfg = Release|Any CPU
		{0E8FECC9-58C3-4059-8ED2-997AE3290643}.Release|ARM64.Build.0 = Release|Any CPU
		{0E8FECC9-58C3-4059-8ED2-997AE3290643}.Release|x64.ActiveCfg = Release|Any CPU
		{0E8FECC9-58C3-4059-8ED2-997AE3290643}.Release|x64.Build.0 = Release|Any CPU
		{0E8FECC9-58C3-4059-8ED2-997AE3290643}.Release|x86.ActiveCfg = Release|Any CPU
		{0E8FECC9-58C3-4059-8ED2-997AE3290643}.Release|x86.Build.0 = Release|Any CPU
		{397064D3-DE16-44C4-82DE-7C55E3E1CA8E}.Debug|Any CPU.ActiveCfg = Debug|Any CPU
		{397064D3-DE16-44C4-82DE-7C55E3E1CA8E}.Debug|Any CPU.Build.0 = Debug|Any CPU
		{397064D3-DE16-44C4-82DE-7C55E3E1CA8E}.Debug|ARM.ActiveCfg = Debug|Any CPU
		{397064D3-DE16-44C4-82DE-7C55E3E1CA8E}.Debug|ARM.Build.0 = Debug|Any CPU
		{397064D3-DE16-44C4-82DE-7C55E3E1CA8E}.Debug|ARM64.ActiveCfg = Debug|Any CPU
		{397064D3-DE16-44C4-82DE-7C55E3E1CA8E}.Debug|ARM64.Build.0 = Debug|Any CPU
		{397064D3-DE16-44C4-82DE-7C55E3E1CA8E}.Debug|x64.ActiveCfg = Debug|Any CPU
		{397064D3-DE16-44C4-82DE-7C55E3E1CA8E}.Debug|x64.Build.0 = Debug|Any CPU
		{397064D3-DE16-44C4-82DE-7C55E3E1CA8E}.Debug|x86.ActiveCfg = Debug|Any CPU
		{397064D3-DE16-44C4-82DE-7C55E3E1CA8E}.Debug|x86.Build.0 = Debug|Any CPU
		{397064D3-DE16-44C4-82DE-7C55E3E1CA8E}.Release|Any CPU.ActiveCfg = Release|Any CPU
		{397064D3-DE16-44C4-82DE-7C55E3E1CA8E}.Release|Any CPU.Build.0 = Release|Any CPU
		{397064D3-DE16-44C4-82DE-7C55E3E1CA8E}.Release|ARM.ActiveCfg = Release|Any CPU
		{397064D3-DE16-44C4-82DE-7C55E3E1CA8E}.Release|ARM.Build.0 = Release|Any CPU
		{397064D3-DE16-44C4-82DE-7C55E3E1CA8E}.Release|ARM64.ActiveCfg = Release|Any CPU
		{397064D3-DE16-44C4-82DE-7C55E3E1CA8E}.Release|ARM64.Build.0 = Release|Any CPU
		{397064D3-DE16-44C4-82DE-7C55E3E1CA8E}.Release|x64.ActiveCfg = Release|Any CPU
		{397064D3-DE16-44C4-82DE-7C55E3E1CA8E}.Release|x64.Build.0 = Release|Any CPU
		{397064D3-DE16-44C4-82DE-7C55E3E1CA8E}.Release|x86.ActiveCfg = Release|Any CPU
		{397064D3-DE16-44C4-82DE-7C55E3E1CA8E}.Release|x86.Build.0 = Release|Any CPU
		{2BBD8114-F855-461D-A25A-760BAD4CD7D7}.Debug|Any CPU.ActiveCfg = Debug|Win32
		{2BBD8114-F855-461D-A25A-760BAD4CD7D7}.Debug|Any CPU.Build.0 = Debug|Win32
		{2BBD8114-F855-461D-A25A-760BAD4CD7D7}.Debug|ARM.ActiveCfg = Debug|Win32
		{2BBD8114-F855-461D-A25A-760BAD4CD7D7}.Debug|ARM64.ActiveCfg = Debug|Win32
		{2BBD8114-F855-461D-A25A-760BAD4CD7D7}.Debug|x64.ActiveCfg = Debug|Win32
		{2BBD8114-F855-461D-A25A-760BAD4CD7D7}.Debug|x64.Build.0 = Debug|Win32
		{2BBD8114-F855-461D-A25A-760BAD4CD7D7}.Debug|x86.ActiveCfg = Debug|Win32
		{2BBD8114-F855-461D-A25A-760BAD4CD7D7}.Debug|x86.Build.0 = Debug|Win32
		{2BBD8114-F855-461D-A25A-760BAD4CD7D7}.Release|Any CPU.ActiveCfg = Release|Win32
		{2BBD8114-F855-461D-A25A-760BAD4CD7D7}.Release|ARM.ActiveCfg = Release|Win32
		{2BBD8114-F855-461D-A25A-760BAD4CD7D7}.Release|ARM64.ActiveCfg = Release|Win32
		{2BBD8114-F855-461D-A25A-760BAD4CD7D7}.Release|x64.ActiveCfg = Release|x64
		{2BBD8114-F855-461D-A25A-760BAD4CD7D7}.Release|x64.Build.0 = Release|x64
		{2BBD8114-F855-461D-A25A-760BAD4CD7D7}.Release|x86.ActiveCfg = Release|Win32
		{2BBD8114-F855-461D-A25A-760BAD4CD7D7}.Release|x86.Build.0 = Release|Win32
		{5C884940-AD1F-4AE2-84B8-1DD6C72217DD}.Debug|Any CPU.ActiveCfg = Debug|Any CPU
		{5C884940-AD1F-4AE2-84B8-1DD6C72217DD}.Debug|Any CPU.Build.0 = Debug|Any CPU
		{5C884940-AD1F-4AE2-84B8-1DD6C72217DD}.Debug|ARM.ActiveCfg = Debug|Any CPU
		{5C884940-AD1F-4AE2-84B8-1DD6C72217DD}.Debug|ARM.Build.0 = Debug|Any CPU
		{5C884940-AD1F-4AE2-84B8-1DD6C72217DD}.Debug|ARM64.ActiveCfg = Debug|Any CPU
		{5C884940-AD1F-4AE2-84B8-1DD6C72217DD}.Debug|ARM64.Build.0 = Debug|Any CPU
		{5C884940-AD1F-4AE2-84B8-1DD6C72217DD}.Debug|x64.ActiveCfg = Debug|Any CPU
		{5C884940-AD1F-4AE2-84B8-1DD6C72217DD}.Debug|x64.Build.0 = Debug|Any CPU
		{5C884940-AD1F-4AE2-84B8-1DD6C72217DD}.Debug|x86.ActiveCfg = Debug|Any CPU
		{5C884940-AD1F-4AE2-84B8-1DD6C72217DD}.Debug|x86.Build.0 = Debug|Any CPU
		{5C884940-AD1F-4AE2-84B8-1DD6C72217DD}.Release|Any CPU.ActiveCfg = Release|Any CPU
		{5C884940-AD1F-4AE2-84B8-1DD6C72217DD}.Release|Any CPU.Build.0 = Release|Any CPU
		{5C884940-AD1F-4AE2-84B8-1DD6C72217DD}.Release|ARM.ActiveCfg = Release|Any CPU
		{5C884940-AD1F-4AE2-84B8-1DD6C72217DD}.Release|ARM.Build.0 = Release|Any CPU
		{5C884940-AD1F-4AE2-84B8-1DD6C72217DD}.Release|ARM64.ActiveCfg = Release|Any CPU
		{5C884940-AD1F-4AE2-84B8-1DD6C72217DD}.Release|ARM64.Build.0 = Release|Any CPU
		{5C884940-AD1F-4AE2-84B8-1DD6C72217DD}.Release|x64.ActiveCfg = Release|Any CPU
		{5C884940-AD1F-4AE2-84B8-1DD6C72217DD}.Release|x64.Build.0 = Release|Any CPU
		{5C884940-AD1F-4AE2-84B8-1DD6C72217DD}.Release|x86.ActiveCfg = Release|Any CPU
		{5C884940-AD1F-4AE2-84B8-1DD6C72217DD}.Release|x86.Build.0 = Release|Any CPU
		{4BFEF4F5-7EEC-4073-82C6-57A8FFB092E7}.Debug|Any CPU.ActiveCfg = Debug|Any CPU
		{4BFEF4F5-7EEC-4073-82C6-57A8FFB092E7}.Debug|Any CPU.Build.0 = Debug|Any CPU
		{4BFEF4F5-7EEC-4073-82C6-57A8FFB092E7}.Debug|ARM.ActiveCfg = Debug|Any CPU
		{4BFEF4F5-7EEC-4073-82C6-57A8FFB092E7}.Debug|ARM.Build.0 = Debug|Any CPU
		{4BFEF4F5-7EEC-4073-82C6-57A8FFB092E7}.Debug|ARM64.ActiveCfg = Debug|Any CPU
		{4BFEF4F5-7EEC-4073-82C6-57A8FFB092E7}.Debug|ARM64.Build.0 = Debug|Any CPU
		{4BFEF4F5-7EEC-4073-82C6-57A8FFB092E7}.Debug|x64.ActiveCfg = Debug|Any CPU
		{4BFEF4F5-7EEC-4073-82C6-57A8FFB092E7}.Debug|x64.Build.0 = Debug|Any CPU
		{4BFEF4F5-7EEC-4073-82C6-57A8FFB092E7}.Debug|x86.ActiveCfg = Debug|Any CPU
		{4BFEF4F5-7EEC-4073-82C6-57A8FFB092E7}.Debug|x86.Build.0 = Debug|Any CPU
		{4BFEF4F5-7EEC-4073-82C6-57A8FFB092E7}.Release|Any CPU.ActiveCfg = Release|Any CPU
		{4BFEF4F5-7EEC-4073-82C6-57A8FFB092E7}.Release|Any CPU.Build.0 = Release|Any CPU
		{4BFEF4F5-7EEC-4073-82C6-57A8FFB092E7}.Release|ARM.ActiveCfg = Release|Any CPU
		{4BFEF4F5-7EEC-4073-82C6-57A8FFB092E7}.Release|ARM.Build.0 = Release|Any CPU
		{4BFEF4F5-7EEC-4073-82C6-57A8FFB092E7}.Release|ARM64.ActiveCfg = Release|Any CPU
		{4BFEF4F5-7EEC-4073-82C6-57A8FFB092E7}.Release|ARM64.Build.0 = Release|Any CPU
		{4BFEF4F5-7EEC-4073-82C6-57A8FFB092E7}.Release|x64.ActiveCfg = Release|Any CPU
		{4BFEF4F5-7EEC-4073-82C6-57A8FFB092E7}.Release|x64.Build.0 = Release|Any CPU
		{4BFEF4F5-7EEC-4073-82C6-57A8FFB092E7}.Release|x86.ActiveCfg = Release|Any CPU
		{4BFEF4F5-7EEC-4073-82C6-57A8FFB092E7}.Release|x86.Build.0 = Release|Any CPU
		{0BAB3D40-59EB-46F0-8A82-B90B1DF1F593}.Debug|Any CPU.ActiveCfg = Debug|Any CPU
		{0BAB3D40-59EB-46F0-8A82-B90B1DF1F593}.Debug|Any CPU.Build.0 = Debug|Any CPU
		{0BAB3D40-59EB-46F0-8A82-B90B1DF1F593}.Debug|ARM.ActiveCfg = Debug|Any CPU
		{0BAB3D40-59EB-46F0-8A82-B90B1DF1F593}.Debug|ARM.Build.0 = Debug|Any CPU
		{0BAB3D40-59EB-46F0-8A82-B90B1DF1F593}.Debug|ARM64.ActiveCfg = Debug|Any CPU
		{0BAB3D40-59EB-46F0-8A82-B90B1DF1F593}.Debug|ARM64.Build.0 = Debug|Any CPU
		{0BAB3D40-59EB-46F0-8A82-B90B1DF1F593}.Debug|x64.ActiveCfg = Debug|Any CPU
		{0BAB3D40-59EB-46F0-8A82-B90B1DF1F593}.Debug|x64.Build.0 = Debug|Any CPU
		{0BAB3D40-59EB-46F0-8A82-B90B1DF1F593}.Debug|x86.ActiveCfg = Debug|Any CPU
		{0BAB3D40-59EB-46F0-8A82-B90B1DF1F593}.Debug|x86.Build.0 = Debug|Any CPU
		{0BAB3D40-59EB-46F0-8A82-B90B1DF1F593}.Release|Any CPU.ActiveCfg = Release|Any CPU
		{0BAB3D40-59EB-46F0-8A82-B90B1DF1F593}.Release|Any CPU.Build.0 = Release|Any CPU
		{0BAB3D40-59EB-46F0-8A82-B90B1DF1F593}.Release|ARM.ActiveCfg = Release|Any CPU
		{0BAB3D40-59EB-46F0-8A82-B90B1DF1F593}.Release|ARM.Build.0 = Release|Any CPU
		{0BAB3D40-59EB-46F0-8A82-B90B1DF1F593}.Release|ARM64.ActiveCfg = Release|Any CPU
		{0BAB3D40-59EB-46F0-8A82-B90B1DF1F593}.Release|ARM64.Build.0 = Release|Any CPU
		{0BAB3D40-59EB-46F0-8A82-B90B1DF1F593}.Release|x64.ActiveCfg = Release|Any CPU
		{0BAB3D40-59EB-46F0-8A82-B90B1DF1F593}.Release|x64.Build.0 = Release|Any CPU
		{0BAB3D40-59EB-46F0-8A82-B90B1DF1F593}.Release|x86.ActiveCfg = Release|Any CPU
		{0BAB3D40-59EB-46F0-8A82-B90B1DF1F593}.Release|x86.Build.0 = Release|Any CPU
		{600E90D4-AAA7-4E3A-82F7-7D7FE8316BBC}.Debug|Any CPU.ActiveCfg = Debug|Win32
		{600E90D4-AAA7-4E3A-82F7-7D7FE8316BBC}.Debug|ARM.ActiveCfg = Debug|ARM
		{600E90D4-AAA7-4E3A-82F7-7D7FE8316BBC}.Debug|ARM.Build.0 = Debug|ARM
		{600E90D4-AAA7-4E3A-82F7-7D7FE8316BBC}.Debug|ARM.Deploy.0 = Debug|ARM
		{600E90D4-AAA7-4E3A-82F7-7D7FE8316BBC}.Debug|ARM64.ActiveCfg = Debug|ARM64
		{600E90D4-AAA7-4E3A-82F7-7D7FE8316BBC}.Debug|ARM64.Build.0 = Debug|ARM64
		{600E90D4-AAA7-4E3A-82F7-7D7FE8316BBC}.Debug|ARM64.Deploy.0 = Debug|ARM64
		{600E90D4-AAA7-4E3A-82F7-7D7FE8316BBC}.Debug|x64.ActiveCfg = Debug|x64
		{600E90D4-AAA7-4E3A-82F7-7D7FE8316BBC}.Debug|x64.Build.0 = Debug|x64
		{600E90D4-AAA7-4E3A-82F7-7D7FE8316BBC}.Debug|x64.Deploy.0 = Debug|x64
		{600E90D4-AAA7-4E3A-82F7-7D7FE8316BBC}.Debug|x86.ActiveCfg = Debug|Win32
		{600E90D4-AAA7-4E3A-82F7-7D7FE8316BBC}.Debug|x86.Build.0 = Debug|Win32
		{600E90D4-AAA7-4E3A-82F7-7D7FE8316BBC}.Debug|x86.Deploy.0 = Debug|Win32
		{600E90D4-AAA7-4E3A-82F7-7D7FE8316BBC}.Release|Any CPU.ActiveCfg = Release|Win32
		{600E90D4-AAA7-4E3A-82F7-7D7FE8316BBC}.Release|ARM.ActiveCfg = Release|ARM
		{600E90D4-AAA7-4E3A-82F7-7D7FE8316BBC}.Release|ARM.Build.0 = Release|ARM
		{600E90D4-AAA7-4E3A-82F7-7D7FE8316BBC}.Release|ARM.Deploy.0 = Release|ARM
		{600E90D4-AAA7-4E3A-82F7-7D7FE8316BBC}.Release|ARM64.ActiveCfg = Release|ARM64
		{600E90D4-AAA7-4E3A-82F7-7D7FE8316BBC}.Release|ARM64.Build.0 = Release|ARM64
		{600E90D4-AAA7-4E3A-82F7-7D7FE8316BBC}.Release|ARM64.Deploy.0 = Release|ARM64
		{600E90D4-AAA7-4E3A-82F7-7D7FE8316BBC}.Release|x64.ActiveCfg = Release|x64
		{600E90D4-AAA7-4E3A-82F7-7D7FE8316BBC}.Release|x64.Build.0 = Release|x64
		{600E90D4-AAA7-4E3A-82F7-7D7FE8316BBC}.Release|x64.Deploy.0 = Release|x64
		{600E90D4-AAA7-4E3A-82F7-7D7FE8316BBC}.Release|x86.ActiveCfg = Release|Win32
		{600E90D4-AAA7-4E3A-82F7-7D7FE8316BBC}.Release|x86.Build.0 = Release|Win32
		{600E90D4-AAA7-4E3A-82F7-7D7FE8316BBC}.Release|x86.Deploy.0 = Release|Win32
		{3B7DC74D-D98A-4225-B9EA-0D419BE923ED}.Debug|Any CPU.ActiveCfg = Debug|Win32
		{3B7DC74D-D98A-4225-B9EA-0D419BE923ED}.Debug|ARM.ActiveCfg = Debug|ARM
		{3B7DC74D-D98A-4225-B9EA-0D419BE923ED}.Debug|ARM.Build.0 = Debug|ARM
		{3B7DC74D-D98A-4225-B9EA-0D419BE923ED}.Debug|ARM.Deploy.0 = Debug|ARM
		{3B7DC74D-D98A-4225-B9EA-0D419BE923ED}.Debug|ARM64.ActiveCfg = Debug|ARM64
		{3B7DC74D-D98A-4225-B9EA-0D419BE923ED}.Debug|ARM64.Build.0 = Debug|ARM64
		{3B7DC74D-D98A-4225-B9EA-0D419BE923ED}.Debug|ARM64.Deploy.0 = Debug|ARM64
		{3B7DC74D-D98A-4225-B9EA-0D419BE923ED}.Debug|x64.ActiveCfg = Debug|x64
		{3B7DC74D-D98A-4225-B9EA-0D419BE923ED}.Debug|x64.Build.0 = Debug|x64
		{3B7DC74D-D98A-4225-B9EA-0D419BE923ED}.Debug|x64.Deploy.0 = Debug|x64
		{3B7DC74D-D98A-4225-B9EA-0D419BE923ED}.Debug|x86.ActiveCfg = Debug|Win32
		{3B7DC74D-D98A-4225-B9EA-0D419BE923ED}.Debug|x86.Build.0 = Debug|Win32
		{3B7DC74D-D98A-4225-B9EA-0D419BE923ED}.Debug|x86.Deploy.0 = Debug|Win32
		{3B7DC74D-D98A-4225-B9EA-0D419BE923ED}.Release|Any CPU.ActiveCfg = Release|Win32
		{3B7DC74D-D98A-4225-B9EA-0D419BE923ED}.Release|ARM.ActiveCfg = Release|ARM
		{3B7DC74D-D98A-4225-B9EA-0D419BE923ED}.Release|ARM.Build.0 = Release|ARM
		{3B7DC74D-D98A-4225-B9EA-0D419BE923ED}.Release|ARM.Deploy.0 = Release|ARM
		{3B7DC74D-D98A-4225-B9EA-0D419BE923ED}.Release|ARM64.ActiveCfg = Release|ARM64
		{3B7DC74D-D98A-4225-B9EA-0D419BE923ED}.Release|ARM64.Build.0 = Release|ARM64
		{3B7DC74D-D98A-4225-B9EA-0D419BE923ED}.Release|ARM64.Deploy.0 = Release|ARM64
		{3B7DC74D-D98A-4225-B9EA-0D419BE923ED}.Release|x64.ActiveCfg = Release|x64
		{3B7DC74D-D98A-4225-B9EA-0D419BE923ED}.Release|x64.Build.0 = Release|x64
		{3B7DC74D-D98A-4225-B9EA-0D419BE923ED}.Release|x64.Deploy.0 = Release|x64
		{3B7DC74D-D98A-4225-B9EA-0D419BE923ED}.Release|x86.ActiveCfg = Release|Win32
		{3B7DC74D-D98A-4225-B9EA-0D419BE923ED}.Release|x86.Build.0 = Release|Win32
		{3B7DC74D-D98A-4225-B9EA-0D419BE923ED}.Release|x86.Deploy.0 = Release|Win32
		{D3C65AB6-E642-4EA7-B507-A9D4B56EBF58}.Debug|Any CPU.ActiveCfg = Debug|Any CPU
		{D3C65AB6-E642-4EA7-B507-A9D4B56EBF58}.Debug|Any CPU.Build.0 = Debug|Any CPU
		{D3C65AB6-E642-4EA7-B507-A9D4B56EBF58}.Debug|ARM.ActiveCfg = Debug|Any CPU
		{D3C65AB6-E642-4EA7-B507-A9D4B56EBF58}.Debug|ARM.Build.0 = Debug|Any CPU
		{D3C65AB6-E642-4EA7-B507-A9D4B56EBF58}.Debug|ARM64.ActiveCfg = Debug|Any CPU
		{D3C65AB6-E642-4EA7-B507-A9D4B56EBF58}.Debug|ARM64.Build.0 = Debug|Any CPU
		{D3C65AB6-E642-4EA7-B507-A9D4B56EBF58}.Debug|x64.ActiveCfg = Debug|Any CPU
		{D3C65AB6-E642-4EA7-B507-A9D4B56EBF58}.Debug|x64.Build.0 = Debug|Any CPU
		{D3C65AB6-E642-4EA7-B507-A9D4B56EBF58}.Debug|x86.ActiveCfg = Debug|Any CPU
		{D3C65AB6-E642-4EA7-B507-A9D4B56EBF58}.Debug|x86.Build.0 = Debug|Any CPU
		{D3C65AB6-E642-4EA7-B507-A9D4B56EBF58}.Release|Any CPU.ActiveCfg = Release|Any CPU
		{D3C65AB6-E642-4EA7-B507-A9D4B56EBF58}.Release|Any CPU.Build.0 = Release|Any CPU
		{D3C65AB6-E642-4EA7-B507-A9D4B56EBF58}.Release|ARM.ActiveCfg = Release|Any CPU
		{D3C65AB6-E642-4EA7-B507-A9D4B56EBF58}.Release|ARM.Build.0 = Release|Any CPU
		{D3C65AB6-E642-4EA7-B507-A9D4B56EBF58}.Release|ARM64.ActiveCfg = Release|Any CPU
		{D3C65AB6-E642-4EA7-B507-A9D4B56EBF58}.Release|ARM64.Build.0 = Release|Any CPU
		{D3C65AB6-E642-4EA7-B507-A9D4B56EBF58}.Release|x64.ActiveCfg = Release|Any CPU
		{D3C65AB6-E642-4EA7-B507-A9D4B56EBF58}.Release|x86.ActiveCfg = Release|Any CPU
		{D3C65AB6-E642-4EA7-B507-A9D4B56EBF58}.Release|x86.Build.0 = Release|Any CPU
		{703B493A-A924-4DD6-96F8-AEF411E5667C}.Debug|Any CPU.ActiveCfg = Debug|Any CPU
		{703B493A-A924-4DD6-96F8-AEF411E5667C}.Debug|Any CPU.Build.0 = Debug|Any CPU
		{703B493A-A924-4DD6-96F8-AEF411E5667C}.Debug|ARM.ActiveCfg = Debug|Any CPU
		{703B493A-A924-4DD6-96F8-AEF411E5667C}.Debug|ARM.Build.0 = Debug|Any CPU
		{703B493A-A924-4DD6-96F8-AEF411E5667C}.Debug|ARM64.ActiveCfg = Debug|Any CPU
		{703B493A-A924-4DD6-96F8-AEF411E5667C}.Debug|ARM64.Build.0 = Debug|Any CPU
		{703B493A-A924-4DD6-96F8-AEF411E5667C}.Debug|x64.ActiveCfg = Debug|Any CPU
		{703B493A-A924-4DD6-96F8-AEF411E5667C}.Debug|x64.Build.0 = Debug|Any CPU
		{703B493A-A924-4DD6-96F8-AEF411E5667C}.Debug|x86.ActiveCfg = Debug|Any CPU
		{703B493A-A924-4DD6-96F8-AEF411E5667C}.Debug|x86.Build.0 = Debug|Any CPU
		{703B493A-A924-4DD6-96F8-AEF411E5667C}.Release|Any CPU.ActiveCfg = Release|Any CPU
		{703B493A-A924-4DD6-96F8-AEF411E5667C}.Release|Any CPU.Build.0 = Release|Any CPU
		{703B493A-A924-4DD6-96F8-AEF411E5667C}.Release|ARM.ActiveCfg = Release|Any CPU
		{703B493A-A924-4DD6-96F8-AEF411E5667C}.Release|ARM.Build.0 = Release|Any CPU
		{703B493A-A924-4DD6-96F8-AEF411E5667C}.Release|ARM64.ActiveCfg = Release|Any CPU
		{703B493A-A924-4DD6-96F8-AEF411E5667C}.Release|ARM64.Build.0 = Release|Any CPU
		{703B493A-A924-4DD6-96F8-AEF411E5667C}.Release|x64.ActiveCfg = Release|Any CPU
		{703B493A-A924-4DD6-96F8-AEF411E5667C}.Release|x64.Build.0 = Release|Any CPU
		{703B493A-A924-4DD6-96F8-AEF411E5667C}.Release|x86.ActiveCfg = Release|Any CPU
		{703B493A-A924-4DD6-96F8-AEF411E5667C}.Release|x86.Build.0 = Release|Any CPU
		{20F9796F-472B-4F4B-9E31-0B031EAF7D9C}.Debug|Any CPU.ActiveCfg = Debug|Any CPU
		{20F9796F-472B-4F4B-9E31-0B031EAF7D9C}.Debug|Any CPU.Build.0 = Debug|Any CPU
		{20F9796F-472B-4F4B-9E31-0B031EAF7D9C}.Debug|ARM.ActiveCfg = Debug|Any CPU
		{20F9796F-472B-4F4B-9E31-0B031EAF7D9C}.Debug|ARM.Build.0 = Debug|Any CPU
		{20F9796F-472B-4F4B-9E31-0B031EAF7D9C}.Debug|ARM64.ActiveCfg = Debug|Any CPU
		{20F9796F-472B-4F4B-9E31-0B031EAF7D9C}.Debug|ARM64.Build.0 = Debug|Any CPU
		{20F9796F-472B-4F4B-9E31-0B031EAF7D9C}.Debug|x64.ActiveCfg = Debug|Any CPU
		{20F9796F-472B-4F4B-9E31-0B031EAF7D9C}.Debug|x64.Build.0 = Debug|Any CPU
		{20F9796F-472B-4F4B-9E31-0B031EAF7D9C}.Debug|x86.ActiveCfg = Debug|Any CPU
		{20F9796F-472B-4F4B-9E31-0B031EAF7D9C}.Debug|x86.Build.0 = Debug|Any CPU
		{20F9796F-472B-4F4B-9E31-0B031EAF7D9C}.Release|Any CPU.ActiveCfg = Release|Any CPU
		{20F9796F-472B-4F4B-9E31-0B031EAF7D9C}.Release|Any CPU.Build.0 = Release|Any CPU
		{20F9796F-472B-4F4B-9E31-0B031EAF7D9C}.Release|ARM.ActiveCfg = Release|Any CPU
		{20F9796F-472B-4F4B-9E31-0B031EAF7D9C}.Release|ARM.Build.0 = Release|Any CPU
		{20F9796F-472B-4F4B-9E31-0B031EAF7D9C}.Release|ARM64.ActiveCfg = Release|Any CPU
		{20F9796F-472B-4F4B-9E31-0B031EAF7D9C}.Release|ARM64.Build.0 = Release|Any CPU
		{20F9796F-472B-4F4B-9E31-0B031EAF7D9C}.Release|x64.ActiveCfg = Release|Any CPU
		{20F9796F-472B-4F4B-9E31-0B031EAF7D9C}.Release|x64.Build.0 = Release|Any CPU
		{20F9796F-472B-4F4B-9E31-0B031EAF7D9C}.Release|x86.ActiveCfg = Release|Any CPU
		{20F9796F-472B-4F4B-9E31-0B031EAF7D9C}.Release|x86.Build.0 = Release|Any CPU
		{2778DD3A-F34C-4A9E-90CB-574AC6A765A3}.Debug|Any CPU.ActiveCfg = Debug|Any CPU
		{2778DD3A-F34C-4A9E-90CB-574AC6A765A3}.Debug|Any CPU.Build.0 = Debug|Any CPU
		{2778DD3A-F34C-4A9E-90CB-574AC6A765A3}.Debug|ARM.ActiveCfg = Debug|Any CPU
		{2778DD3A-F34C-4A9E-90CB-574AC6A765A3}.Debug|ARM.Build.0 = Debug|Any CPU
		{2778DD3A-F34C-4A9E-90CB-574AC6A765A3}.Debug|ARM64.ActiveCfg = Debug|Any CPU
		{2778DD3A-F34C-4A9E-90CB-574AC6A765A3}.Debug|ARM64.Build.0 = Debug|Any CPU
		{2778DD3A-F34C-4A9E-90CB-574AC6A765A3}.Debug|x64.ActiveCfg = Debug|Any CPU
		{2778DD3A-F34C-4A9E-90CB-574AC6A765A3}.Debug|x64.Build.0 = Debug|Any CPU
		{2778DD3A-F34C-4A9E-90CB-574AC6A765A3}.Debug|x86.ActiveCfg = Debug|Any CPU
		{2778DD3A-F34C-4A9E-90CB-574AC6A765A3}.Debug|x86.Build.0 = Debug|Any CPU
		{2778DD3A-F34C-4A9E-90CB-574AC6A765A3}.Release|Any CPU.ActiveCfg = Release|Any CPU
		{2778DD3A-F34C-4A9E-90CB-574AC6A765A3}.Release|Any CPU.Build.0 = Release|Any CPU
		{2778DD3A-F34C-4A9E-90CB-574AC6A765A3}.Release|ARM.ActiveCfg = Release|Any CPU
		{2778DD3A-F34C-4A9E-90CB-574AC6A765A3}.Release|ARM.Build.0 = Release|Any CPU
		{2778DD3A-F34C-4A9E-90CB-574AC6A765A3}.Release|ARM64.ActiveCfg = Release|Any CPU
		{2778DD3A-F34C-4A9E-90CB-574AC6A765A3}.Release|ARM64.Build.0 = Release|Any CPU
		{2778DD3A-F34C-4A9E-90CB-574AC6A765A3}.Release|x64.ActiveCfg = Release|Any CPU
		{2778DD3A-F34C-4A9E-90CB-574AC6A765A3}.Release|x64.Build.0 = Release|Any CPU
		{2778DD3A-F34C-4A9E-90CB-574AC6A765A3}.Release|x86.ActiveCfg = Release|Any CPU
		{2778DD3A-F34C-4A9E-90CB-574AC6A765A3}.Release|x86.Build.0 = Release|Any CPU
		{FCA91CB6-B858-4B40-AE9C-171BFD2F4EAB}.Debug|Any CPU.ActiveCfg = Debug|Any CPU
		{FCA91CB6-B858-4B40-AE9C-171BFD2F4EAB}.Debug|Any CPU.Build.0 = Debug|Any CPU
		{FCA91CB6-B858-4B40-AE9C-171BFD2F4EAB}.Debug|ARM.ActiveCfg = Debug|Any CPU
		{FCA91CB6-B858-4B40-AE9C-171BFD2F4EAB}.Debug|ARM.Build.0 = Debug|Any CPU
		{FCA91CB6-B858-4B40-AE9C-171BFD2F4EAB}.Debug|ARM64.ActiveCfg = Debug|Any CPU
		{FCA91CB6-B858-4B40-AE9C-171BFD2F4EAB}.Debug|ARM64.Build.0 = Debug|Any CPU
		{FCA91CB6-B858-4B40-AE9C-171BFD2F4EAB}.Debug|x64.ActiveCfg = Debug|Any CPU
		{FCA91CB6-B858-4B40-AE9C-171BFD2F4EAB}.Debug|x64.Build.0 = Debug|Any CPU
		{FCA91CB6-B858-4B40-AE9C-171BFD2F4EAB}.Debug|x86.ActiveCfg = Debug|Any CPU
		{FCA91CB6-B858-4B40-AE9C-171BFD2F4EAB}.Debug|x86.Build.0 = Debug|Any CPU
		{FCA91CB6-B858-4B40-AE9C-171BFD2F4EAB}.Release|Any CPU.ActiveCfg = Release|Any CPU
		{FCA91CB6-B858-4B40-AE9C-171BFD2F4EAB}.Release|Any CPU.Build.0 = Release|Any CPU
		{FCA91CB6-B858-4B40-AE9C-171BFD2F4EAB}.Release|ARM.ActiveCfg = Release|Any CPU
		{FCA91CB6-B858-4B40-AE9C-171BFD2F4EAB}.Release|ARM.Build.0 = Release|Any CPU
		{FCA91CB6-B858-4B40-AE9C-171BFD2F4EAB}.Release|ARM64.ActiveCfg = Release|Any CPU
		{FCA91CB6-B858-4B40-AE9C-171BFD2F4EAB}.Release|ARM64.Build.0 = Release|Any CPU
		{FCA91CB6-B858-4B40-AE9C-171BFD2F4EAB}.Release|x64.ActiveCfg = Release|Any CPU
		{FCA91CB6-B858-4B40-AE9C-171BFD2F4EAB}.Release|x64.Build.0 = Release|Any CPU
		{FCA91CB6-B858-4B40-AE9C-171BFD2F4EAB}.Release|x86.ActiveCfg = Release|Any CPU
		{FCA91CB6-B858-4B40-AE9C-171BFD2F4EAB}.Release|x86.Build.0 = Release|Any CPU
	EndGlobalSection
	GlobalSection(SolutionProperties) = preSolution
		HideSolutionNode = FALSE
	EndGlobalSection
	GlobalSection(NestedProjects) = preSolution
		{0E8FECC9-58C3-4059-8ED2-997AE3290643} = {372E0483-0776-4C00-A9CE-4128070DFA31}
		{397064D3-DE16-44C4-82DE-7C55E3E1CA8E} = {372E0483-0776-4C00-A9CE-4128070DFA31}
		{2BBD8114-F855-461D-A25A-760BAD4CD7D7} = {372E0483-0776-4C00-A9CE-4128070DFA31}
		{5C884940-AD1F-4AE2-84B8-1DD6C72217DD} = {372E0483-0776-4C00-A9CE-4128070DFA31}
		{4BFEF4F5-7EEC-4073-82C6-57A8FFB092E7} = {372E0483-0776-4C00-A9CE-4128070DFA31}
		{0BAB3D40-59EB-46F0-8A82-B90B1DF1F593} = {8A17C6F5-FC39-4FB3-B48C-FFCE747536B4}
		{51CC2441-B176-4487-B41F-B3B0E97A3B5B} = {372E0483-0776-4C00-A9CE-4128070DFA31}
		{600E90D4-AAA7-4E3A-82F7-7D7FE8316BBC} = {51CC2441-B176-4487-B41F-B3B0E97A3B5B}
		{3B7DC74D-D98A-4225-B9EA-0D419BE923ED} = {51CC2441-B176-4487-B41F-B3B0E97A3B5B}
		{D3C65AB6-E642-4EA7-B507-A9D4B56EBF58} = {A6D8B58E-3620-4B24-8FDE-91F0CEA43B60}
		{703B493A-A924-4DD6-96F8-AEF411E5667C} = {A6D8B58E-3620-4B24-8FDE-91F0CEA43B60}
		{20F9796F-472B-4F4B-9E31-0B031EAF7D9C} = {A6D8B58E-3620-4B24-8FDE-91F0CEA43B60}
		{2778DD3A-F34C-4A9E-90CB-574AC6A765A3} = {A6D8B58E-3620-4B24-8FDE-91F0CEA43B60}
	EndGlobalSection
	GlobalSection(ExtensibilityGlobals) = postSolution
		SolutionGuid = {7F62FC95-0C03-4D12-85A6-2F938D7F41FB}
	EndGlobalSection
EndGlobal
