
Microsoft Visual Studio Solution File, Format Version 12.00
# Visual Studio Version 16
VisualStudioVersion = 16.0.30002.166
MinimumVisualStudioVersion = 10.0.40219.1
Project("{FAE04EC0-301F-11D3-BF4B-00C04F79EFBC}") = "Core", "Core\Core.csproj", "{86BBED06-6801-4157-B041-827BF84EDA21}"
EndProject
Project("{FAE04EC0-301F-11D3-BF4B-00C04F79EFBC}") = "MODULE__FILTER", "MODULE_FILTER\MODULE__FILTER.csproj", "{0E8FECC9-58C3-4059-8ED2-997AE3290643}"
EndProject
Project("{FAE04EC0-301F-11D3-BF4B-00C04F79EFBC}") = "MODULE__SCANNER_SERVICE", "MODULE_SCAN\MODULE__SCANNER_SERVICE.csproj", "{397064D3-DE16-44C4-82DE-7C55E3E1CA8E}"
EndProject
Project("{8BC9CEB8-8B4A-11D0-8D11-00A0C91BC942}") = "MODULE__DRIVER_CONNECTOR", "MUDULE__DRIVER_CONNECTOR\MUDULE__DRIVER_CONNECTOR.vcxproj", "{2BBD8114-F855-461D-A25A-760BAD4CD7D7}"
EndProject
Project("{FAE04EC0-301F-11D3-BF4B-00C04F79EFBC}") = "MODULE__RESERVE_NEW_FILE_DETECTOR", "MODULE__RESERVE_NEW_FILE_DETECTOR\MODULE__RESERVE_NEW_FILE_DETECTOR.csproj", "{5C884940-AD1F-4AE2-84B8-1DD6C72217DD}"
EndProject
Project("{2150E333-8FDC-42A3-9474-1A3956D46DE8}") = "Core_MODULES", "Core_MODULES", "{372E0483-0776-4C00-A9CE-4128070DFA31}"
EndProject
Project("{FAE04EC0-301F-11D3-BF4B-00C04F79EFBC}") = "MiniDebugger", "MiniDebugger\MiniDebugger.csproj", "{46EC50FC-F8AA-4BD6-A536-81B3E6981A48}"
EndProject
Project("{2150E333-8FDC-42A3-9474-1A3956D46DE8}") = "AutoTests", "AutoTests", "{CC52FD42-2F83-4656-974D-6C99730FA320}"
EndProject
Project("{FAE04EC0-301F-11D3-BF4B-00C04F79EFBC}") = "UnitTestProject1", "AutoTests\UnitTestProject1\UnitTestProject1.csproj", "{516E4442-7099-4711-96EA-7E47D4D52F54}"
EndProject
Project("{FAE04EC0-301F-11D3-BF4B-00C04F79EFBC}") = "MODULE__VIRUSES_DB", "MODULE__VIRUSES_DB\MODULE__VIRUSES_DB.csproj", "{4BFEF4F5-7EEC-4073-82C6-57A8FFB092E7}"
EndProject
Global
	GlobalSection(SolutionConfigurationPlatforms) = preSolution
		Debug|Any CPU = Debug|Any CPU
		Debug|x64 = Debug|x64
		Debug|x86 = Debug|x86
		Release|Any CPU = Release|Any CPU
		Release|x64 = Release|x64
		Release|x86 = Release|x86
	EndGlobalSection
	GlobalSection(ProjectConfigurationPlatforms) = postSolution
		{86BBED06-6801-4157-B041-827BF84EDA21}.Debug|Any CPU.ActiveCfg = Debug|Any CPU
		{86BBED06-6801-4157-B041-827BF84EDA21}.Debug|Any CPU.Build.0 = Debug|Any CPU
		{86BBED06-6801-4157-B041-827BF84EDA21}.Debug|x64.ActiveCfg = Debug|Any CPU
		{86BBED06-6801-4157-B041-827BF84EDA21}.Debug|x64.Build.0 = Debug|Any CPU
		{86BBED06-6801-4157-B041-827BF84EDA21}.Debug|x86.ActiveCfg = Debug|Any CPU
		{86BBED06-6801-4157-B041-827BF84EDA21}.Debug|x86.Build.0 = Debug|Any CPU
		{86BBED06-6801-4157-B041-827BF84EDA21}.Release|Any CPU.ActiveCfg = Release|Any CPU
		{86BBED06-6801-4157-B041-827BF84EDA21}.Release|Any CPU.Build.0 = Release|Any CPU
		{86BBED06-6801-4157-B041-827BF84EDA21}.Release|x64.ActiveCfg = Release|Any CPU
		{86BBED06-6801-4157-B041-827BF84EDA21}.Release|x64.Build.0 = Release|Any CPU
		{86BBED06-6801-4157-B041-827BF84EDA21}.Release|x86.ActiveCfg = Release|Any CPU
		{86BBED06-6801-4157-B041-827BF84EDA21}.Release|x86.Build.0 = Release|Any CPU
		{0E8FECC9-58C3-4059-8ED2-997AE3290643}.Debug|Any CPU.ActiveCfg = Debug|Any CPU
		{0E8FECC9-58C3-4059-8ED2-997AE3290643}.Debug|Any CPU.Build.0 = Debug|Any CPU
		{0E8FECC9-58C3-4059-8ED2-997AE3290643}.Debug|x64.ActiveCfg = Debug|Any CPU
		{0E8FECC9-58C3-4059-8ED2-997AE3290643}.Debug|x64.Build.0 = Debug|Any CPU
		{0E8FECC9-58C3-4059-8ED2-997AE3290643}.Debug|x86.ActiveCfg = Debug|Any CPU
		{0E8FECC9-58C3-4059-8ED2-997AE3290643}.Debug|x86.Build.0 = Debug|Any CPU
		{0E8FECC9-58C3-4059-8ED2-997AE3290643}.Release|Any CPU.ActiveCfg = Release|Any CPU
		{0E8FECC9-58C3-4059-8ED2-997AE3290643}.Release|Any CPU.Build.0 = Release|Any CPU
		{0E8FECC9-58C3-4059-8ED2-997AE3290643}.Release|x64.ActiveCfg = Release|Any CPU
		{0E8FECC9-58C3-4059-8ED2-997AE3290643}.Release|x64.Build.0 = Release|Any CPU
		{0E8FECC9-58C3-4059-8ED2-997AE3290643}.Release|x86.ActiveCfg = Release|Any CPU
		{0E8FECC9-58C3-4059-8ED2-997AE3290643}.Release|x86.Build.0 = Release|Any CPU
		{397064D3-DE16-44C4-82DE-7C55E3E1CA8E}.Debug|Any CPU.ActiveCfg = Debug|Any CPU
		{397064D3-DE16-44C4-82DE-7C55E3E1CA8E}.Debug|Any CPU.Build.0 = Debug|Any CPU
		{397064D3-DE16-44C4-82DE-7C55E3E1CA8E}.Debug|x64.ActiveCfg = Debug|Any CPU
		{397064D3-DE16-44C4-82DE-7C55E3E1CA8E}.Debug|x64.Build.0 = Debug|Any CPU
		{397064D3-DE16-44C4-82DE-7C55E3E1CA8E}.Debug|x86.ActiveCfg = Debug|Any CPU
		{397064D3-DE16-44C4-82DE-7C55E3E1CA8E}.Debug|x86.Build.0 = Debug|Any CPU
		{397064D3-DE16-44C4-82DE-7C55E3E1CA8E}.Release|Any CPU.ActiveCfg = Release|Any CPU
		{397064D3-DE16-44C4-82DE-7C55E3E1CA8E}.Release|Any CPU.Build.0 = Release|Any CPU
		{397064D3-DE16-44C4-82DE-7C55E3E1CA8E}.Release|x64.ActiveCfg = Release|Any CPU
		{397064D3-DE16-44C4-82DE-7C55E3E1CA8E}.Release|x64.Build.0 = Release|Any CPU
		{397064D3-DE16-44C4-82DE-7C55E3E1CA8E}.Release|x86.ActiveCfg = Release|Any CPU
		{397064D3-DE16-44C4-82DE-7C55E3E1CA8E}.Release|x86.Build.0 = Release|Any CPU
		{2BBD8114-F855-461D-A25A-760BAD4CD7D7}.Debug|Any CPU.ActiveCfg = Debug|Win32
		{2BBD8114-F855-461D-A25A-760BAD4CD7D7}.Debug|Any CPU.Build.0 = Debug|Win32
		{2BBD8114-F855-461D-A25A-760BAD4CD7D7}.Debug|x64.ActiveCfg = Debug|x64
		{2BBD8114-F855-461D-A25A-760BAD4CD7D7}.Debug|x64.Build.0 = Debug|x64
		{2BBD8114-F855-461D-A25A-760BAD4CD7D7}.Debug|x86.ActiveCfg = Debug|Win32
		{2BBD8114-F855-461D-A25A-760BAD4CD7D7}.Debug|x86.Build.0 = Debug|Win32
		{2BBD8114-F855-461D-A25A-760BAD4CD7D7}.Release|Any CPU.ActiveCfg = Release|Win32
		{2BBD8114-F855-461D-A25A-760BAD4CD7D7}.Release|x64.ActiveCfg = Release|x64
		{2BBD8114-F855-461D-A25A-760BAD4CD7D7}.Release|x64.Build.0 = Release|x64
		{2BBD8114-F855-461D-A25A-760BAD4CD7D7}.Release|x86.ActiveCfg = Release|Win32
		{2BBD8114-F855-461D-A25A-760BAD4CD7D7}.Release|x86.Build.0 = Release|Win32
		{5C884940-AD1F-4AE2-84B8-1DD6C72217DD}.Debug|Any CPU.ActiveCfg = Debug|Any CPU
		{5C884940-AD1F-4AE2-84B8-1DD6C72217DD}.Debug|Any CPU.Build.0 = Debug|Any CPU
		{5C884940-AD1F-4AE2-84B8-1DD6C72217DD}.Debug|x64.ActiveCfg = Debug|Any CPU
		{5C884940-AD1F-4AE2-84B8-1DD6C72217DD}.Debug|x64.Build.0 = Debug|Any CPU
		{5C884940-AD1F-4AE2-84B8-1DD6C72217DD}.Debug|x86.ActiveCfg = Debug|Any CPU
		{5C884940-AD1F-4AE2-84B8-1DD6C72217DD}.Debug|x86.Build.0 = Debug|Any CPU
		{5C884940-AD1F-4AE2-84B8-1DD6C72217DD}.Release|Any CPU.ActiveCfg = Release|Any CPU
		{5C884940-AD1F-4AE2-84B8-1DD6C72217DD}.Release|Any CPU.Build.0 = Release|Any CPU
		{5C884940-AD1F-4AE2-84B8-1DD6C72217DD}.Release|x64.ActiveCfg = Release|Any CPU
		{5C884940-AD1F-4AE2-84B8-1DD6C72217DD}.Release|x64.Build.0 = Release|Any CPU
		{5C884940-AD1F-4AE2-84B8-1DD6C72217DD}.Release|x86.ActiveCfg = Release|Any CPU
		{5C884940-AD1F-4AE2-84B8-1DD6C72217DD}.Release|x86.Build.0 = Release|Any CPU
		{46EC50FC-F8AA-4BD6-A536-81B3E6981A48}.Debug|Any CPU.ActiveCfg = Debug|Any CPU
		{46EC50FC-F8AA-4BD6-A536-81B3E6981A48}.Debug|Any CPU.Build.0 = Debug|Any CPU
		{46EC50FC-F8AA-4BD6-A536-81B3E6981A48}.Debug|x64.ActiveCfg = Debug|Any CPU
		{46EC50FC-F8AA-4BD6-A536-81B3E6981A48}.Debug|x64.Build.0 = Debug|Any CPU
		{46EC50FC-F8AA-4BD6-A536-81B3E6981A48}.Debug|x86.ActiveCfg = Debug|Any CPU
		{46EC50FC-F8AA-4BD6-A536-81B3E6981A48}.Debug|x86.Build.0 = Debug|Any CPU
		{46EC50FC-F8AA-4BD6-A536-81B3E6981A48}.Release|Any CPU.ActiveCfg = Release|Any CPU
		{46EC50FC-F8AA-4BD6-A536-81B3E6981A48}.Release|Any CPU.Build.0 = Release|Any CPU
		{46EC50FC-F8AA-4BD6-A536-81B3E6981A48}.Release|x64.ActiveCfg = Release|Any CPU
		{46EC50FC-F8AA-4BD6-A536-81B3E6981A48}.Release|x64.Build.0 = Release|Any CPU
		{46EC50FC-F8AA-4BD6-A536-81B3E6981A48}.Release|x86.ActiveCfg = Release|Any CPU
		{46EC50FC-F8AA-4BD6-A536-81B3E6981A48}.Release|x86.Build.0 = Release|Any CPU
		{516E4442-7099-4711-96EA-7E47D4D52F54}.Debug|Any CPU.ActiveCfg = Debug|Any CPU
		{516E4442-7099-4711-96EA-7E47D4D52F54}.Debug|Any CPU.Build.0 = Debug|Any CPU
		{516E4442-7099-4711-96EA-7E47D4D52F54}.Debug|x64.ActiveCfg = Debug|Any CPU
		{516E4442-7099-4711-96EA-7E47D4D52F54}.Debug|x64.Build.0 = Debug|Any CPU
		{516E4442-7099-4711-96EA-7E47D4D52F54}.Debug|x86.ActiveCfg = Debug|Any CPU
		{516E4442-7099-4711-96EA-7E47D4D52F54}.Debug|x86.Build.0 = Debug|Any CPU
		{516E4442-7099-4711-96EA-7E47D4D52F54}.Release|Any CPU.ActiveCfg = Release|Any CPU
		{516E4442-7099-4711-96EA-7E47D4D52F54}.Release|Any CPU.Build.0 = Release|Any CPU
		{516E4442-7099-4711-96EA-7E47D4D52F54}.Release|x64.ActiveCfg = Release|Any CPU
		{516E4442-7099-4711-96EA-7E47D4D52F54}.Release|x64.Build.0 = Release|Any CPU
		{516E4442-7099-4711-96EA-7E47D4D52F54}.Release|x86.ActiveCfg = Release|Any CPU
		{516E4442-7099-4711-96EA-7E47D4D52F54}.Release|x86.Build.0 = Release|Any CPU
		{4BFEF4F5-7EEC-4073-82C6-57A8FFB092E7}.Debug|Any CPU.ActiveCfg = Debug|Any CPU
		{4BFEF4F5-7EEC-4073-82C6-57A8FFB092E7}.Debug|Any CPU.Build.0 = Debug|Any CPU
		{4BFEF4F5-7EEC-4073-82C6-57A8FFB092E7}.Debug|x64.ActiveCfg = Debug|Any CPU
		{4BFEF4F5-7EEC-4073-82C6-57A8FFB092E7}.Debug|x64.Build.0 = Debug|Any CPU
		{4BFEF4F5-7EEC-4073-82C6-57A8FFB092E7}.Debug|x86.ActiveCfg = Debug|Any CPU
		{4BFEF4F5-7EEC-4073-82C6-57A8FFB092E7}.Debug|x86.Build.0 = Debug|Any CPU
		{4BFEF4F5-7EEC-4073-82C6-57A8FFB092E7}.Release|Any CPU.ActiveCfg = Release|Any CPU
		{4BFEF4F5-7EEC-4073-82C6-57A8FFB092E7}.Release|Any CPU.Build.0 = Release|Any CPU
		{4BFEF4F5-7EEC-4073-82C6-57A8FFB092E7}.Release|x64.ActiveCfg = Release|Any CPU
		{4BFEF4F5-7EEC-4073-82C6-57A8FFB092E7}.Release|x64.Build.0 = Release|Any CPU
		{4BFEF4F5-7EEC-4073-82C6-57A8FFB092E7}.Release|x86.ActiveCfg = Release|Any CPU
		{4BFEF4F5-7EEC-4073-82C6-57A8FFB092E7}.Release|x86.Build.0 = Release|Any CPU
	EndGlobalSection
	GlobalSection(SolutionProperties) = preSolution
		HideSolutionNode = FALSE
	EndGlobalSection
	GlobalSection(NestedProjects) = preSolution
		{0E8FECC9-58C3-4059-8ED2-997AE3290643} = {372E0483-0776-4C00-A9CE-4128070DFA31}
		{397064D3-DE16-44C4-82DE-7C55E3E1CA8E} = {372E0483-0776-4C00-A9CE-4128070DFA31}
		{2BBD8114-F855-461D-A25A-760BAD4CD7D7} = {372E0483-0776-4C00-A9CE-4128070DFA31}
		{5C884940-AD1F-4AE2-84B8-1DD6C72217DD} = {372E0483-0776-4C00-A9CE-4128070DFA31}
		{516E4442-7099-4711-96EA-7E47D4D52F54} = {CC52FD42-2F83-4656-974D-6C99730FA320}
		{4BFEF4F5-7EEC-4073-82C6-57A8FFB092E7} = {372E0483-0776-4C00-A9CE-4128070DFA31}
	EndGlobalSection
	GlobalSection(ExtensibilityGlobals) = postSolution
		SolutionGuid = {7F62FC95-0C03-4D12-85A6-2F938D7F41FB}
	EndGlobalSection
EndGlobal
